
Microsoft Visual Studio Solution File, Format Version 12.00
# Visual Studio Version 17
VisualStudioVersion = 17.14.36414.22 d17.14
MinimumVisualStudioVersion = 10.0.40219.1
Project("{FAE04EC0-301F-11D3-BF4B-00C04F79EFBC}") = "TermoLib", "TermoLib\TermoLib.csproj", "{C199A82A-740B-474F-A04E-2225C039C34A}"
EndProject
Project("{FAE04EC0-301F-11D3-BF4B-00C04F79EFBC}") = "TermoTest", "TermoTest\TermoTest.csproj", "{6FDA7FC6-6842-4891-B110-A346CDE88140}"
EndProject
Project("{FAE04EC0-301F-11D3-BF4B-00C04F79EFBC}") = "TermoApp", "TermoApp\TermoApp.csproj", "{7902CC27-4108-45E9-9FE3-56D91E222AFC}"
EndProject
Global
	GlobalSection(SolutionConfigurationPlatforms) = preSolution
		Debug|Any CPU = Debug|Any CPU
		Release|Any CPU = Release|Any CPU
	EndGlobalSection
	GlobalSection(ProjectConfigurationPlatforms) = postSolution
		{C199A82A-740B-474F-A04E-2225C039C34A}.Debug|Any CPU.ActiveCfg = Debug|Any CPU
		{C199A82A-740B-474F-A04E-2225C039C34A}.Debug|Any CPU.Build.0 = Debug|Any CPU
		{C199A82A-740B-474F-A04E-2225C039C34A}.Release|Any CPU.ActiveCfg = Release|Any CPU
		{C199A82A-740B-474F-A04E-2225C039C34A}.Release|Any CPU.Build.0 = Release|Any CPU
		{6FDA7FC6-6842-4891-B110-A346CDE88140}.Debug|Any CPU.ActiveCfg = Debug|Any CPU
		{6FDA7FC6-6842-4891-B110-A346CDE88140}.Debug|Any CPU.Build.0 = Debug|Any CPU
		{6FDA7FC6-6842-4891-B110-A346CDE88140}.Release|Any CPU.ActiveCfg = Release|Any CPU
		{6FDA7FC6-6842-4891-B110-A346CDE88140}.Release|Any CPU.Build.0 = Release|Any CPU
		{7902CC27-4108-45E9-9FE3-56D91E222AFC}.Debug|Any CPU.ActiveCfg = Debug|Any CPU
		{7902CC27-4108-45E9-9FE3-56D91E222AFC}.Debug|Any CPU.Build.0 = Debug|Any CPU
		{7902CC27-4108-45E9-9FE3-56D91E222AFC}.Release|Any CPU.ActiveCfg = Release|Any CPU
		{7902CC27-4108-45E9-9FE3-56D91E222AFC}.Release|Any CPU.Build.0 = Release|Any CPU
	EndGlobalSection
	GlobalSection(SolutionProperties) = preSolution
		HideSolutionNode = FALSE
	EndGlobalSection
	GlobalSection(ExtensibilityGlobals) = postSolution
		SolutionGuid = {03E064E1-7478-4F17-97FC-C3594BF93B97}
	EndGlobalSection
EndGlobal
